# THIS IS AN AUTOGENERATED FILE. DO NOT EDIT THIS FILE DIRECTLY.
# yarn lockfile v1


json-to-graphql-query@^1.9.0:
  version "1.9.0"
  resolved "https://registry.yarnpkg.com/json-to-graphql-query/-/json-to-graphql-query-1.9.0.tgz#65e2099b27195b4bb7cace474e4b6910de6bb8a8"
  integrity sha512-SXZzxv5J7AQgdmJBkq94mIStjDxuWmecLhsNYTENm+Fzil1qyt6PiKDvq4cHjFJKXB6Qp4TedZxElyRHr7oPYw==

lodash.clonedeepwith@^4.5.0:
  version "4.5.0"
  resolved "https://registry.yarnpkg.com/lodash.clonedeepwith/-/lodash.clonedeepwith-4.5.0.tgz#6ee30573a03a1a60d670a62ef33c10cf1afdbdd4"
  integrity sha1-buMFc6A6GmDWcKYu8zwQzxr9vdQ=

lodash.mergewith@^4.6.1:
  version "4.6.1"
  resolved "https://registry.yarnpkg.com/lodash.mergewith/-/lodash.mergewith-4.6.1.tgz#639057e726c3afbdb3e7d42741caa8d6e4335927"
  integrity sha512-eWw5r+PYICtEBgrBE5hhlT6aAa75f411bgDz/ZL2KZqYV03USvucsxcHUIlGTDTECs1eunpI7HOV7U+WLDvNdQ==
